
Microsoft Visual Studio Solution File, Format Version 12.00
# Visual Studio 14
VisualStudioVersion = 14.0.25420.1
MinimumVisualStudioVersion = 10.0.40219.1
Project("{FAE04EC0-301F-11D3-BF4B-00C04F79EFBC}") = "HtmlParserApp", "HtmlParserApp\HtmlParserApp.csproj", "{EFBAF423-6922-47A6-908E-EAD465B516ED}"
EndProject
Project("{FAE04EC0-301F-11D3-BF4B-00C04F79EFBC}") = "HtmlParser1App", "HtmlParser1App\HtmlParser1App.csproj", "{AF6AF187-2B15-462A-A1D7-5CD848C21368}"
EndProject
Global
	GlobalSection(SolutionConfigurationPlatforms) = preSolution
		Debug|Any CPU = Debug|Any CPU
		Release|Any CPU = Release|Any CPU
	EndGlobalSection
	GlobalSection(ProjectConfigurationPlatforms) = postSolution
		{AF6AF187-2B15-462A-A1D7-5CD848C21368}.Debug|Any CPU.ActiveCfg = Debug|Any CPU
		{AF6AF187-2B15-462A-A1D7-5CD848C21368}.Debug|Any CPU.Build.0 = Debug|Any CPU
		{AF6AF187-2B15-462A-A1D7-5CD848C21368}.Release|Any CPU.ActiveCfg = Release|Any CPU
		{AF6AF187-2B15-462A-A1D7-5CD848C21368}.Release|Any CPU.Build.0 = Release|Any CPU
	EndGlobalSection
	GlobalSection(SolutionProperties) = preSolution
		HideSolutionNode = FALSE
	EndGlobalSection
EndGlobal
