
Microsoft Visual Studio Solution File, Format Version 12.00
# Visual Studio 14
VisualStudioVersion = 14.0.25420.1
MinimumVisualStudioVersion = 10.0.40219.1
Project("{FAE04EC0-301F-11D3-BF4B-00C04F79EFBC}") = "SubcriberApp", "SubcriberApp\SubcriberApp.csproj", "{F05532F4-F078-4FFE-97A7-AC4CA6402936}"
EndProject
Project("{FAE04EC0-301F-11D3-BF4B-00C04F79EFBC}") = "WelcomeFormApp", "WelcomeFormApp\WelcomeFormApp.csproj", "{E9EA38A3-B9F4-4B2A-B10D-719A66F7FD2A}"
EndProject
Project("{FAE04EC0-301F-11D3-BF4B-00C04F79EFBC}") = "AccountLib", "AccountLib\AccountLib.csproj", "{E5A40A43-3EEC-410E-8154-9E863C20408B}"
EndProject
Global
	GlobalSection(SolutionConfigurationPlatforms) = preSolution
		Debug|Any CPU = Debug|Any CPU
		Release|Any CPU = Release|Any CPU
	EndGlobalSection
	GlobalSection(ProjectConfigurationPlatforms) = postSolution
		{F05532F4-F078-4FFE-97A7-AC4CA6402936}.Debug|Any CPU.ActiveCfg = Debug|Any CPU
		{F05532F4-F078-4FFE-97A7-AC4CA6402936}.Debug|Any CPU.Build.0 = Debug|Any CPU
		{F05532F4-F078-4FFE-97A7-AC4CA6402936}.Release|Any CPU.ActiveCfg = Release|Any CPU
		{F05532F4-F078-4FFE-97A7-AC4CA6402936}.Release|Any CPU.Build.0 = Release|Any CPU
		{E9EA38A3-B9F4-4B2A-B10D-719A66F7FD2A}.Debug|Any CPU.ActiveCfg = Debug|Any CPU
		{E9EA38A3-B9F4-4B2A-B10D-719A66F7FD2A}.Debug|Any CPU.Build.0 = Debug|Any CPU
		{E9EA38A3-B9F4-4B2A-B10D-719A66F7FD2A}.Release|Any CPU.ActiveCfg = Release|Any CPU
		{E9EA38A3-B9F4-4B2A-B10D-719A66F7FD2A}.Release|Any CPU.Build.0 = Release|Any CPU
		{E5A40A43-3EEC-410E-8154-9E863C20408B}.Debug|Any CPU.ActiveCfg = Debug|Any CPU
		{E5A40A43-3EEC-410E-8154-9E863C20408B}.Debug|Any CPU.Build.0 = Debug|Any CPU
		{E5A40A43-3EEC-410E-8154-9E863C20408B}.Release|Any CPU.ActiveCfg = Release|Any CPU
		{E5A40A43-3EEC-410E-8154-9E863C20408B}.Release|Any CPU.Build.0 = Release|Any CPU
	EndGlobalSection
	GlobalSection(SolutionProperties) = preSolution
		HideSolutionNode = FALSE
	EndGlobalSection
EndGlobal
